{
	"name": "code-remix",
	"version": "0.0.4",
	"lockfileVersion": 1,
	"requires": true,
	"dependencies": {
		"@babel/code-frame": {
			"version": "7.0.0",
			"resolved": "https://registry.npmjs.org/@babel/code-frame/-/code-frame-7.0.0.tgz",
			"integrity": "sha512-OfC2uemaknXr87bdLUkWog7nYuliM9Ij5HUcajsVcMCpQrcLmtxRbVFTIqmcSkSeYRBFBRxs2FiUqFJDLdiebA==",
			"dev": true,
			"requires": {
				"@babel/highlight": "^7.0.0"
			}
		},
		"@babel/highlight": {
			"version": "7.0.0",
			"resolved": "https://registry.npmjs.org/@babel/highlight/-/highlight-7.0.0.tgz",
			"integrity": "sha512-UFMC4ZeFC48Tpvj7C8UgLvtkaUuovQX+5xNWrsIoMG8o2z+XFKjKaN9iVmS84dPwVN00W4wPmqvYoZF3EGAsfw==",
			"dev": true,
			"requires": {
				"chalk": "^2.0.0",
				"esutils": "^2.0.2",
				"js-tokens": "^4.0.0"
			}
		},
		"@babel/runtime": {
			"version": "7.13.6",
			"resolved": "https://registry.npmjs.org/@babel/runtime/-/runtime-7.13.6.tgz",
			"integrity": "sha512-Y/DEVhSQ91u27rxq7D0EH/sewS6+x06p/MgO1VppbDHMzYXLZrAR5cFjCom78e9RUw1BQAq6qJg6fXc/ep7glA==",
			"requires": {
				"regenerator-runtime": "^0.13.4"
			}
		},
		"@erebos/bzz": {
			"version": "0.13.0",
			"resolved": "https://registry.npmjs.org/@erebos/bzz/-/bzz-0.13.0.tgz",
			"integrity": "sha512-ETjXxeNzT7wGofz0CcrNEc/dLeLg0DALuxpMymrzK+AvLvP8PZUfiFn+tZoupSMGaLldfSLJXweOfs3BimVaRg==",
			"requires": {
				"@babel/runtime": "^7.8.3"
			}
		},
		"@erebos/bzz-node": {
			"version": "0.13.0",
			"resolved": "https://registry.npmjs.org/@erebos/bzz-node/-/bzz-node-0.13.0.tgz",
			"integrity": "sha512-Mmo9awJG/Agj6lPqicj8VRdUELoT9pP2xIVniaoUqIMMZkf+lswXFylkyH578ZCNaehyZTTttaXS5WA+T9UVyA==",
			"requires": {
				"@babel/runtime": "^7.8.3",
				"@erebos/bzz": "^0.13.0",
				"form-data": "^3.0.0",
				"node-fetch": "^2.6.0",
				"tar-stream": "^2.1.0"
			}
		},
		"@remix-project/remix-url-resolver": {
			"version": "0.0.18",
			"resolved": "https://registry.npmjs.org/@remix-project/remix-url-resolver/-/remix-url-resolver-0.0.18.tgz",
			"integrity": "sha512-p37cC0j7JxhERDC3ur/ARdg1BfgWubB/+gpmrbTjcjzOpMZSO4kHXjtGI/NOy1rEd4CDzZllYb5wSQw94/SAFw==",
			"requires": {
				"axios": "^0.18.0",
				"solc": "^0.7.4",
				"url": "^0.11.0",
				"valid-url": "^1.0.9"
			},
			"dependencies": {
				"axios": {
					"version": "0.18.1",
					"resolved": "https://registry.npmjs.org/axios/-/axios-0.18.1.tgz",
					"integrity": "sha512-0BfJq4NSfQXd+SkFdrvFbG7addhYSBA2mQwISr46pD6E5iqkWg02RAs8vyTT/j0RTnoYmeXauBuSv1qKwR179g==",
					"requires": {
						"follow-redirects": "1.5.10",
						"is-buffer": "^2.0.2"
					}
				},
				"follow-redirects": {
					"version": "1.5.10",
					"resolved": "https://registry.npmjs.org/follow-redirects/-/follow-redirects-1.5.10.tgz",
					"integrity": "sha512-0V5l4Cizzvqt5D44aTXbFZz+FtyXV1vrDN6qrelxtfYQKW0KO0W2T/hkE8xvGa/540LkZlkaUjO4ailYTFtHVQ==",
					"requires": {
						"debug": "=3.1.0"
					}
				}
			}
		},
		"@remixproject/engine": {
			"version": "0.3.9-alpha.5",
			"resolved": "https://registry.npmjs.org/@remixproject/engine/-/engine-0.3.9-alpha.5.tgz",
			"integrity": "sha512-t69T1BMlTjzATNlnXA7TFqjb3n+EQlqacNJ4rHCy697LV/R+kn4iYGokrlaPc8HYD8V3p7ssG/XxTMb3/FQLqQ==",
			"requires": {
				"@remixproject/plugin-api": "0.3.9-alpha.5",
				"@remixproject/plugin-utils": "0.3.9-alpha.5"
			}
		},
		"@remixproject/engine-vscode": {
			"version": "0.3.9-alpha.5",
			"resolved": "https://registry.npmjs.org/@remixproject/engine-vscode/-/engine-vscode-0.3.9-alpha.5.tgz",
			"integrity": "sha512-2lWhTatmWJKepM5DZeN4YJ6WUoUD7BY19/2XSm6wrf9Y9sA8m79/x2RyKbqXittcPE+PfdFWBjA/0F2xqJ68eQ==",
			"requires": {
				"@remix-project/remix-url-resolver": "0.0.19",
				"@remixproject/engine": "0.3.9-alpha.5",
				"@remixproject/plugin-api": "0.3.9-alpha.5",
				"@remixproject/plugin-utils": "0.3.9-alpha.5"
			},
			"dependencies": {
				"@remix-project/remix-url-resolver": {
					"version": "0.0.19",
					"resolved": "https://registry.npmjs.org/@remix-project/remix-url-resolver/-/remix-url-resolver-0.0.19.tgz",
					"integrity": "sha512-vHA/cvypiKswzWIhNNvasFLkvzozezqv9yRXN8VdTYdZ76obOBVkxp4YyW+KQXwgp/dDInTMKczjlhT4e5GtAA==",
					"requires": {
						"@erebos/bzz-node": "^0.13.0",
						"axios": "^0.18.0",
						"solc": "^0.7.4",
						"url": "^0.11.0",
						"valid-url": "^1.0.9"
					}
				},
				"axios": {
					"version": "0.18.1",
					"resolved": "https://registry.npmjs.org/axios/-/axios-0.18.1.tgz",
					"integrity": "sha512-0BfJq4NSfQXd+SkFdrvFbG7addhYSBA2mQwISr46pD6E5iqkWg02RAs8vyTT/j0RTnoYmeXauBuSv1qKwR179g==",
					"requires": {
						"follow-redirects": "1.5.10",
						"is-buffer": "^2.0.2"
					}
				},
				"follow-redirects": {
					"version": "1.5.10",
					"resolved": "https://registry.npmjs.org/follow-redirects/-/follow-redirects-1.5.10.tgz",
					"integrity": "sha512-0V5l4Cizzvqt5D44aTXbFZz+FtyXV1vrDN6qrelxtfYQKW0KO0W2T/hkE8xvGa/540LkZlkaUjO4ailYTFtHVQ==",
					"requires": {
						"debug": "=3.1.0"
					}
				}
			}
		},
		"@remixproject/plugin": {
			"version": "0.3.9-alpha.5",
			"resolved": "https://registry.npmjs.org/@remixproject/plugin/-/plugin-0.3.9-alpha.5.tgz",
			"integrity": "sha512-NEvep0bt+B2HKtI9eua0m0GPz6kt7eZf0W+FdP055eQrfQAfegx9+0pHBIEILHwFcaKJ5EgP+vnoBkT9HoP95g==",
			"requires": {
				"@remixproject/plugin-api": "0.3.9-alpha.5",
				"@remixproject/plugin-utils": "0.3.9-alpha.5",
				"events": "3.2.0"
			}
		},
		"@remixproject/plugin-api": {
			"version": "0.3.9-alpha.5",
			"resolved": "https://registry.npmjs.org/@remixproject/plugin-api/-/plugin-api-0.3.9-alpha.5.tgz",
			"integrity": "sha512-tf7hKIL83ir7UcpQqyMXKpy4OOZrrIqlWkQOl1oSgkX9o8VdNX74DI3WGakVCk4BVCWRFTWbB8kY+KEn9ELB1w==",
			"requires": {
				"@remixproject/plugin-utils": "0.3.9-alpha.5"
			}
		},
		"@remixproject/plugin-utils": {
			"version": "0.3.9-alpha.5",
			"resolved": "https://registry.npmjs.org/@remixproject/plugin-utils/-/plugin-utils-0.3.9-alpha.5.tgz",
			"integrity": "sha512-VFBMh0kT4cRsu4nyV0tt0tXXd5M4pyWwoEfQR9BZYLnotLKx5Je+cXsfl137UvB+kGMO3j70tRf3ZpP/M8jr+A==",
			"requires": {
				"tslib": "2.0.1"
			},
			"dependencies": {
				"tslib": {
					"version": "2.0.1",
					"resolved": "https://registry.npmjs.org/tslib/-/tslib-2.0.1.tgz",
					"integrity": "sha512-SgIkNheinmEBgx1IUNirK0TUD4X9yjjBRTqqjggWCU3pUEqIk3/Uwl3yRixYKT6WjQuGiwDv4NomL3wqRCj+CQ=="
				}
			}
		},
		"@remixproject/plugin-vscode": {
			"version": "0.3.9-alpha.5",
			"resolved": "https://registry.npmjs.org/@remixproject/plugin-vscode/-/plugin-vscode-0.3.9-alpha.5.tgz",
			"integrity": "sha512-S30LU7G/I3IXM5PbNZ5VOuJYyl1m/7GtmLkumcs1hLOm3SS7aKQrfwh21NxLwI2ibHjCv+sMeY3wx5FPC01aFw==",
			"requires": {
				"@remixproject/plugin": "0.3.9-alpha.5",
				"@remixproject/plugin-api": "0.3.9-alpha.5",
				"@remixproject/plugin-utils": "0.3.9-alpha.5"
			}
		},
		"@types/events": {
			"version": "1.2.0",
			"resolved": "https://registry.npmjs.org/@types/events/-/events-1.2.0.tgz",
			"integrity": "sha512-KEIlhXnIutzKwRbQkGWb/I4HFqBuUykAdHgDED6xqwXJfONCjF5VoE0cXEiurh3XauygxzeDzgtXUqvLkxFzzA==",
			"dev": true
		},
		"@types/glob": {
			"version": "7.1.1",
			"resolved": "https://registry.npmjs.org/@types/glob/-/glob-7.1.1.tgz",
			"integrity": "sha512-1Bh06cbWJUHMC97acuD6UMG29nMt0Aqz1vF3guLfG+kHHJhy3AyohZFFxYk2f7Q1SQIrNwvncxAE0N/9s70F2w==",
			"dev": true,
			"requires": {
				"@types/events": "*",
				"@types/minimatch": "*",
				"@types/node": "*"
			}
		},
		"@types/minimatch": {
			"version": "3.0.3",
			"resolved": "https://registry.npmjs.org/@types/minimatch/-/minimatch-3.0.3.tgz",
			"integrity": "sha512-tHq6qdbT9U1IRSGf14CL0pUlULksvY9OZ+5eEgl1N7t+OA3tGvNpxJCzuKQlsNgCVwbAs670L1vcVQi8j9HjnA==",
			"dev": true
		},
		"@types/mkdirp": {
			"version": "0.5.2",
			"resolved": "https://registry.npmjs.org/@types/mkdirp/-/mkdirp-0.5.2.tgz",
			"integrity": "sha512-U5icWpv7YnZYGsN4/cmh3WD2onMY0aJIiTE6+51TwJCttdHvtCYmkBNOobHlXwrJRL0nkH9jH4kD+1FAdMN4Tg==",
			"dev": true,
			"requires": {
				"@types/node": "*"
			}
		},
		"@types/node": {
			"version": "10.14.12",
			"resolved": "https://registry.npmjs.org/@types/node/-/node-10.14.12.tgz",
			"integrity": "sha512-QcAKpaO6nhHLlxWBvpc4WeLrTvPqlHOvaj0s5GriKkA1zq+bsFBPpfYCvQhLqLgYlIko8A9YrPdaMHCo5mBcpg==",
			"dev": true
		},
		"@types/rimraf": {
			"version": "2.0.2",
			"resolved": "https://registry.npmjs.org/@types/rimraf/-/rimraf-2.0.2.tgz",
			"integrity": "sha512-Hm/bnWq0TCy7jmjeN5bKYij9vw5GrDFWME4IuxV08278NtU/VdGbzsBohcCUJ7+QMqmUq5hpRKB39HeQWJjztQ==",
			"dev": true,
			"requires": {
				"@types/glob": "*",
				"@types/node": "*"
			}
		},
		"@types/vscode": {
			"version": "1.52.0",
			"resolved": "https://registry.npmjs.org/@types/vscode/-/vscode-1.52.0.tgz",
			"integrity": "sha512-Kt3bvWzAvvF/WH9YEcrCICDp0Z7aHhJGhLJ1BxeyNP6yRjonWqWnAIh35/pXAjswAnWOABrYlF7SwXR9+1nnLA==",
			"dev": true
		},
		"ansi-styles": {
			"version": "3.2.1",
			"resolved": "https://registry.npmjs.org/ansi-styles/-/ansi-styles-3.2.1.tgz",
			"integrity": "sha512-VT0ZI6kZRdTh8YyJw3SMbYm/u+NqfsAxEpWO0Pf9sq8/e94WxxOpPKx9FR1FlyCtOVDNOQ+8ntlqFxiRc+r5qA==",
			"dev": true,
			"requires": {
				"color-convert": "^1.9.0"
			}
		},
		"argparse": {
			"version": "1.0.10",
			"resolved": "https://registry.npmjs.org/argparse/-/argparse-1.0.10.tgz",
			"integrity": "sha512-o5Roy6tNG4SL/FOkCAN6RzjiakZS25RLYFrcMttJqbdd8BWrnA+fGz57iN5Pb06pvBGvl5gQ0B48dJlslXvoTg==",
			"dev": true,
			"requires": {
				"sprintf-js": "~1.0.2"
			}
		},
		"asynckit": {
			"version": "0.4.0",
			"resolved": "https://registry.npmjs.org/asynckit/-/asynckit-0.4.0.tgz",
			"integrity": "sha1-x57Zf380y48robyXkLzDZkdLS3k="
		},
		"axios": {
			"version": "0.21.1",
			"resolved": "https://registry.npmjs.org/axios/-/axios-0.21.1.tgz",
			"integrity": "sha512-dKQiRHxGD9PPRIUNIWvZhPTPpl1rf/OxTYKsqKUDjBwYylTvV7SjSHJb9ratfyzM6wCdLCOYLzs73qpg5c4iGA==",
			"requires": {
				"follow-redirects": "^1.10.0"
			}
		},
		"balanced-match": {
			"version": "1.0.0",
			"resolved": "https://registry.npmjs.org/balanced-match/-/balanced-match-1.0.0.tgz",
			"integrity": "sha1-ibTRmasr7kneFk6gK4nORi1xt2c="
		},
		"base64-js": {
			"version": "1.5.1",
			"resolved": "https://registry.npmjs.org/base64-js/-/base64-js-1.5.1.tgz",
			"integrity": "sha512-AKpaYlHn8t4SVbOHCy+b5+KKgvR4vrsD8vbvrbiQJps7fKDTkjkDry6ji0rUJjC0kzbNePLwzxq8iypo41qeWA=="
		},
		"bl": {
			"version": "4.1.0",
			"resolved": "https://registry.npmjs.org/bl/-/bl-4.1.0.tgz",
			"integrity": "sha512-1W07cM9gS6DcLperZfFSj+bWLtaPGSOHWhPiGzXmvVJbRLdG82sH/Kn8EtW1VqWVA54AKf2h5k5BbnIbwF3h6w==",
			"requires": {
				"buffer": "^5.5.0",
				"inherits": "^2.0.4",
				"readable-stream": "^3.4.0"
			}
		},
		"brace-expansion": {
			"version": "1.1.11",
			"resolved": "https://registry.npmjs.org/brace-expansion/-/brace-expansion-1.1.11.tgz",
			"integrity": "sha512-iCuPHDFgrHX7H2vEI/5xpz07zSHB00TpugqhmYtVmMO6518mCuRMoOYFldEBl0g187ufozdaHgWKcYFb61qGiA==",
			"requires": {
				"balanced-match": "^1.0.0",
				"concat-map": "0.0.1"
			}
		},
		"buffer": {
			"version": "5.7.1",
			"resolved": "https://registry.npmjs.org/buffer/-/buffer-5.7.1.tgz",
			"integrity": "sha512-EHcyIPBQ4BSGlvjB16k5KgAJ27CIsHY/2JBmCRReo48y9rQ3MaUzWX3KVlBa4U7MyX02HdVj0K7C3WaB3ju7FQ==",
			"requires": {
				"base64-js": "^1.3.1",
				"ieee754": "^1.1.13"
			}
		},
		"builtin-modules": {
			"version": "1.1.1",
			"resolved": "https://registry.npmjs.org/builtin-modules/-/builtin-modules-1.1.1.tgz",
			"integrity": "sha1-Jw8HbFpywC9bZaR9+Uxf46J4iS8=",
			"dev": true
		},
		"chalk": {
			"version": "2.4.2",
			"resolved": "https://registry.npmjs.org/chalk/-/chalk-2.4.2.tgz",
			"integrity": "sha512-Mti+f9lpJNcwF4tWV8/OrTTtF1gZi+f8FqlyAdouralcFWFQWF2+NgCHShjkCb+IFBLq9buZwE1xckQU4peSuQ==",
			"dev": true,
			"requires": {
				"ansi-styles": "^3.2.1",
				"escape-string-regexp": "^1.0.5",
				"supports-color": "^5.3.0"
			}
		},
		"color-convert": {
			"version": "1.9.3",
			"resolved": "https://registry.npmjs.org/color-convert/-/color-convert-1.9.3.tgz",
			"integrity": "sha512-QfAUtd+vFdAtFQcC8CCyYt1fYWxSqAiK2cSD6zDB8N3cpsEBAvRxp9zOGg6G/SHHJYAT88/az/IuDGALsNVbGg==",
			"dev": true,
			"requires": {
				"color-name": "1.1.3"
			}
		},
		"color-name": {
			"version": "1.1.3",
			"resolved": "https://registry.npmjs.org/color-name/-/color-name-1.1.3.tgz",
			"integrity": "sha1-p9BVi9icQveV3UIyj3QIMcpTvCU=",
			"dev": true
		},
		"combined-stream": {
			"version": "1.0.8",
			"resolved": "https://registry.npmjs.org/combined-stream/-/combined-stream-1.0.8.tgz",
			"integrity": "sha512-FQN4MRfuJeHf7cBbBMJFXhKSDq+2kAArBlmRBvcvFE5BB1HZKXtSFASDhdlz9zOYwxh8lDdnvmMOe/+5cdoEdg==",
			"requires": {
				"delayed-stream": "~1.0.0"
			}
		},
		"command-exists": {
			"version": "1.2.9",
			"resolved": "https://registry.npmjs.org/command-exists/-/command-exists-1.2.9.tgz",
			"integrity": "sha512-LTQ/SGc+s0Xc0Fu5WaKnR0YiygZkm9eKFvyS+fRsU7/ZWFF8ykFM6Pc9aCVf1+xasOOZpO3BAVgVrKvsqKHV7w=="
		},
		"commander": {
			"version": "2.20.0",
			"resolved": "https://registry.npmjs.org/commander/-/commander-2.20.0.tgz",
			"integrity": "sha512-7j2y+40w61zy6YC2iRNpUe/NwhNyoXrYpHMrSunaMG64nRnaf96zO/KMQR4OyN/UnE5KLyEBnKHd4aG3rskjpQ==",
			"dev": true
		},
		"concat-map": {
			"version": "0.0.1",
			"resolved": "https://registry.npmjs.org/concat-map/-/concat-map-0.0.1.tgz",
			"integrity": "sha1-2Klr13/Wjfd5OnMDajug1UBdR3s="
		},
		"debug": {
			"version": "3.1.0",
			"resolved": "https://registry.npmjs.org/debug/-/debug-3.1.0.tgz",
			"integrity": "sha512-OX8XqP7/1a9cqkxYw2yXss15f26NKWBpDXQd0/uK/KPqdQhxbPa994hnzjcE2VqQpDslf55723cKPUOGSmMY3g==",
			"requires": {
				"ms": "2.0.0"
			}
		},
		"delayed-stream": {
			"version": "1.0.0",
			"resolved": "https://registry.npmjs.org/delayed-stream/-/delayed-stream-1.0.0.tgz",
			"integrity": "sha1-3zrhmayt+31ECqrgsp4icrJOxhk="
		},
		"diff": {
			"version": "3.5.0",
			"resolved": "https://registry.npmjs.org/diff/-/diff-3.5.0.tgz",
			"integrity": "sha512-A46qtFgd+g7pDZinpnwiRJtxbC1hpgf0uzP3iG89scHk0AUC7A1TGxf5OiiOUv/JMZR8GOt8hL900hV0bOy5xA==",
			"dev": true
		},
		"end-of-stream": {
			"version": "1.4.4",
			"resolved": "https://registry.npmjs.org/end-of-stream/-/end-of-stream-1.4.4.tgz",
			"integrity": "sha512-+uw1inIHVPQoaVuHzRyXd21icM+cnt4CzD5rW+NC1wjOUSTOs+Te7FOv7AhN7vS9x/oIyhLP5PR1H+phQAHu5Q==",
			"requires": {
				"once": "^1.4.0"
			}
		},
		"escape-string-regexp": {
			"version": "1.0.5",
			"resolved": "https://registry.npmjs.org/escape-string-regexp/-/escape-string-regexp-1.0.5.tgz",
			"integrity": "sha1-G2HAViGQqN/2rjuyzwIAyhMLhtQ=",
			"dev": true
		},
		"esprima": {
			"version": "4.0.1",
			"resolved": "https://registry.npmjs.org/esprima/-/esprima-4.0.1.tgz",
			"integrity": "sha512-eGuFFw7Upda+g4p+QHvnW0RyTX/SVeJBDM/gCtMARO0cLuT2HcEKnTPvhjV6aGeqrCB/sbNop0Kszm0jsaWU4A==",
			"dev": true
		},
		"esutils": {
			"version": "2.0.2",
			"resolved": "https://registry.npmjs.org/esutils/-/esutils-2.0.2.tgz",
			"integrity": "sha1-Cr9PHKpbyx96nYrMbepPqqBLrJs=",
			"dev": true
		},
		"events": {
			"version": "3.2.0",
			"resolved": "https://registry.npmjs.org/events/-/events-3.2.0.tgz",
			"integrity": "sha512-/46HWwbfCX2xTawVfkKLGxMifJYQBWMwY1mjywRtb4c9x8l5NP3KoJtnIOiL1hfdRkIuYhETxQlo62IF8tcnlg=="
		},
		"follow-redirects": {
			"version": "1.13.1",
			"resolved": "https://registry.npmjs.org/follow-redirects/-/follow-redirects-1.13.1.tgz",
			"integrity": "sha512-SSG5xmZh1mkPGyKzjZP8zLjltIfpW32Y5QpdNJyjcfGxK3qo3NDDkZOZSFiGn1A6SclQxY9GzEwAHQ3dmYRWpg=="
		},
		"form-data": {
			"version": "3.0.1",
			"resolved": "https://registry.npmjs.org/form-data/-/form-data-3.0.1.tgz",
			"integrity": "sha512-RHkBKtLWUVwd7SqRIvCZMEvAMoGUp0XU+seQiZejj0COz3RI3hWP4sCv3gZWWLjJTd7rGwcsF5eKZGii0r/hbg==",
			"requires": {
				"asynckit": "^0.4.0",
				"combined-stream": "^1.0.8",
				"mime-types": "^2.1.12"
			}
		},
		"fs-constants": {
			"version": "1.0.0",
			"resolved": "https://registry.npmjs.org/fs-constants/-/fs-constants-1.0.0.tgz",
			"integrity": "sha512-y6OAwoSIf7FyjMIv94u+b5rdheZEjzR63GTyZJm5qh4Bi+2YgwLCcI/fPFZkL5PSixOt6ZNKm+w+Hfp/Bciwow=="
		},
		"fs-extra": {
			"version": "0.30.0",
			"resolved": "https://registry.npmjs.org/fs-extra/-/fs-extra-0.30.0.tgz",
			"integrity": "sha1-8jP/zAjU2n1DLapEl3aYnbHfk/A=",
			"requires": {
				"graceful-fs": "^4.1.2",
				"jsonfile": "^2.1.0",
				"klaw": "^1.0.0",
				"path-is-absolute": "^1.0.0",
				"rimraf": "^2.2.8"
			}
		},
		"fs.realpath": {
			"version": "1.0.0",
			"resolved": "https://registry.npmjs.org/fs.realpath/-/fs.realpath-1.0.0.tgz",
			"integrity": "sha1-FQStJSMVjKpA20onh8sBQRmU6k8="
		},
		"ftp": {
			"version": "0.3.10",
			"resolved": "https://registry.npmjs.org/ftp/-/ftp-0.3.10.tgz",
			"integrity": "sha1-kZfYYa2BQvPmPVqDv+TFn3MwiF0=",
			"requires": {
				"readable-stream": "1.1.x",
				"xregexp": "2.0.0"
			},
			"dependencies": {
				"core-util-is": {
					"version": "1.0.2",
					"resolved": "https://registry.npmjs.org/core-util-is/-/core-util-is-1.0.2.tgz",
					"integrity": "sha1-tf1UIgqivFq1eqtxQMlAdUUDwac="
				},
				"inherits": {
					"version": "2.0.3",
					"resolved": "https://registry.npmjs.org/inherits/-/inherits-2.0.3.tgz",
					"integrity": "sha1-Yzwsg+PaQqUC9SRmAiSA9CCCYd4="
				},
				"isarray": {
					"version": "0.0.1",
					"resolved": "https://registry.npmjs.org/isarray/-/isarray-0.0.1.tgz",
					"integrity": "sha1-ihis/Kmo9Bd+Cav8YDiTmwXR7t8="
				},
				"readable-stream": {
					"version": "1.1.14",
					"resolved": "https://registry.npmjs.org/readable-stream/-/readable-stream-1.1.14.tgz",
					"integrity": "sha1-fPTFTvZI44EwhMY23SB54WbAgdk=",
					"requires": {
						"core-util-is": "~1.0.0",
						"inherits": "~2.0.1",
						"isarray": "0.0.1",
						"string_decoder": "~0.10.x"
					}
				},
				"string_decoder": {
					"version": "0.10.31",
					"resolved": "https://registry.npmjs.org/string_decoder/-/string_decoder-0.10.31.tgz",
					"integrity": "sha1-YuIDvEF2bGwoyfyEMB2rHFMQ+pQ="
				},
				"xregexp": {
					"version": "2.0.0",
					"resolved": "https://registry.npmjs.org/xregexp/-/xregexp-2.0.0.tgz",
					"integrity": "sha1-UqY+VsoLhKfzpfPWGHLxJq16WUM="
				}
			}
		},
		"glob": {
			"version": "7.1.3",
			"resolved": "https://registry.npmjs.org/glob/-/glob-7.1.3.tgz",
			"integrity": "sha512-vcfuiIxogLV4DlGBHIUOwI0IbrJ8HWPc4MU7HzviGeNho/UJDfi6B5p3sHeWIQ0KGIU0Jpxi5ZHxemQfLkkAwQ==",
			"requires": {
				"fs.realpath": "^1.0.0",
				"inflight": "^1.0.4",
				"inherits": "2",
				"minimatch": "^3.0.4",
				"once": "^1.3.0",
				"path-is-absolute": "^1.0.0"
			},
			"dependencies": {
				"inherits": {
					"version": "2.0.3",
					"resolved": "https://registry.npmjs.org/inherits/-/inherits-2.0.3.tgz",
					"integrity": "sha1-Yzwsg+PaQqUC9SRmAiSA9CCCYd4="
				},
				"once": {
					"version": "1.4.0",
					"resolved": "https://registry.npmjs.org/once/-/once-1.4.0.tgz",
					"integrity": "sha1-WDsap3WWHUsROsF9nFC6753Xa9E=",
					"requires": {
						"wrappy": "1"
					}
				},
				"wrappy": {
					"version": "1.0.2",
					"resolved": "https://registry.npmjs.org/wrappy/-/wrappy-1.0.2.tgz",
					"integrity": "sha1-tSQ9jz7BqjXxNkYFvA0QNuMKtp8="
				}
			}
		},
		"graceful-fs": {
			"version": "4.2.4",
			"resolved": "https://registry.npmjs.org/graceful-fs/-/graceful-fs-4.2.4.tgz",
			"integrity": "sha512-WjKPNJF79dtJAVniUlGGWHYGz2jWxT6VhN/4m1NdkbZ2nOsEF+cI1Edgql5zCRhs/VsQYRvrXctxktVXZUkixw=="
		},
		"has-flag": {
			"version": "3.0.0",
			"resolved": "https://registry.npmjs.org/has-flag/-/has-flag-3.0.0.tgz",
			"integrity": "sha1-tdRU3CGZriJWmfNGfloH87lVuv0=",
			"dev": true
		},
		"ieee754": {
			"version": "1.2.1",
			"resolved": "https://registry.npmjs.org/ieee754/-/ieee754-1.2.1.tgz",
			"integrity": "sha512-dcyqhDvX1C46lXZcVqCpK+FtMRQVdIMN6/Df5js2zouUsqG7I6sFxitIC+7KYK29KdXOLHdu9zL4sFnoVQnqaA=="
		},
		"inflight": {
			"version": "1.0.6",
			"resolved": "https://registry.npmjs.org/inflight/-/inflight-1.0.6.tgz",
			"integrity": "sha1-Sb1jMdfQLQwJvJEKEHW6gWW1bfk=",
			"requires": {
				"once": "^1.3.0",
				"wrappy": "1"
			},
			"dependencies": {
				"once": {
					"version": "1.4.0",
					"resolved": "https://registry.npmjs.org/once/-/once-1.4.0.tgz",
					"integrity": "sha1-WDsap3WWHUsROsF9nFC6753Xa9E=",
					"requires": {
						"wrappy": "1"
					}
				},
				"wrappy": {
					"version": "1.0.2",
					"resolved": "https://registry.npmjs.org/wrappy/-/wrappy-1.0.2.tgz",
					"integrity": "sha1-tSQ9jz7BqjXxNkYFvA0QNuMKtp8="
				}
			}
		},
		"inherits": {
			"version": "2.0.4",
			"resolved": "https://registry.npmjs.org/inherits/-/inherits-2.0.4.tgz",
			"integrity": "sha512-k/vGaX4/Yla3WzyMCvTQOXYeIHvqOKtnqBduzTHpzpQZzAskKMhZ2K+EnBiSM9zGSoIFeMpXKxa4dYeZIQqewQ=="
		},
		"is-buffer": {
			"version": "2.0.5",
			"resolved": "https://registry.npmjs.org/is-buffer/-/is-buffer-2.0.5.tgz",
			"integrity": "sha512-i2R6zNFDwgEHJyQUtJEk0XFi1i0dPFn/oqjK3/vPCcDeJvW5NQ83V8QbicfF1SupOaB0h8ntgBC2YiE7dfyctQ=="
		},
		"js-sha3": {
			"version": "0.8.0",
			"resolved": "https://registry.npmjs.org/js-sha3/-/js-sha3-0.8.0.tgz",
			"integrity": "sha512-gF1cRrHhIzNfToc802P800N8PpXS+evLLXfsVpowqmAFR9uwbi89WvXg2QspOmXL8QL86J4T1EpFu+yUkwJY3Q=="
		},
		"js-tokens": {
			"version": "4.0.0",
			"resolved": "https://registry.npmjs.org/js-tokens/-/js-tokens-4.0.0.tgz",
			"integrity": "sha512-RdJUflcE3cUzKiMqQgsCu06FPu9UdIJO0beYbPhHN4k6apgJtifcoCtT9bcxOpYBtpD2kCM6Sbzg4CausW/PKQ==",
			"dev": true
		},
		"js-yaml": {
			"version": "3.13.1",
			"resolved": "https://registry.npmjs.org/js-yaml/-/js-yaml-3.13.1.tgz",
			"integrity": "sha512-YfbcO7jXDdyj0DGxYVSlSeQNHbD7XPWvrVWeVUujrQEoZzWJIRrCPoyk6kL6IAjAG2IolMK4T0hNUe0HOUs5Jw==",
			"dev": true,
			"requires": {
				"argparse": "^1.0.7",
				"esprima": "^4.0.0"
			}
		},
		"jsonc-parser": {
			"version": "0.4.2",
			"resolved": "https://registry.npmjs.org/jsonc-parser/-/jsonc-parser-0.4.2.tgz",
			"integrity": "sha1-pLLK9n0acjlCgwZgYBMPcVBRMx0=",
			"requires": {
				"vscode-nls": "^2.0.2"
			},
			"dependencies": {
				"vscode-nls": {
					"version": "2.0.2",
					"resolved": "https://registry.npmjs.org/vscode-nls/-/vscode-nls-2.0.2.tgz",
					"integrity": "sha1-gIUiOAhEuK0VNJmvXDsDkhrqAto="
				}
			}
		},
		"jsonfile": {
			"version": "2.4.0",
			"resolved": "https://registry.npmjs.org/jsonfile/-/jsonfile-2.4.0.tgz",
			"integrity": "sha1-NzaitCi4e72gzIO1P6PWM6NcKug=",
			"requires": {
				"graceful-fs": "^4.1.6"
			}
		},
		"klaw": {
			"version": "1.3.1",
			"resolved": "https://registry.npmjs.org/klaw/-/klaw-1.3.1.tgz",
			"integrity": "sha1-QIhDO0azsbolnXh4XY6W9zugJDk=",
			"requires": {
				"graceful-fs": "^4.1.9"
			}
		},
		"memorystream": {
			"version": "0.3.1",
			"resolved": "https://registry.npmjs.org/memorystream/-/memorystream-0.3.1.tgz",
			"integrity": "sha1-htcJCzDORV1j+64S3aUaR93K+bI="
		},
		"mime-db": {
			"version": "1.46.0",
			"resolved": "https://registry.npmjs.org/mime-db/-/mime-db-1.46.0.tgz",
			"integrity": "sha512-svXaP8UQRZ5K7or+ZmfNhg2xX3yKDMUzqadsSqi4NCH/KomcH75MAMYAGVlvXn4+b/xOPhS3I2uHKRUzvjY7BQ=="
		},
		"mime-types": {
			"version": "2.1.29",
			"resolved": "https://registry.npmjs.org/mime-types/-/mime-types-2.1.29.tgz",
			"integrity": "sha512-Y/jMt/S5sR9OaqteJtslsFZKWOIIqMACsJSiHghlCAyhf7jfVYjKBmLiX8OgpWeW+fjJ2b+Az69aPFPkUOY6xQ==",
			"requires": {
				"mime-db": "1.46.0"
			}
		},
		"minimatch": {
			"version": "3.0.4",
			"resolved": "https://registry.npmjs.org/minimatch/-/minimatch-3.0.4.tgz",
			"integrity": "sha512-yJHVQEhyqPLUTgt9B83PXu6W3rx4MvvHvSUvToogpwoGDOUQ+yDrR0HRot+yOCdCO7u4hX3pWft6kWBBcqh0UA==",
			"requires": {
				"brace-expansion": "^1.1.7"
			}
		},
		"minimist": {
			"version": "0.0.8",
			"resolved": "https://registry.npmjs.org/minimist/-/minimist-0.0.8.tgz",
			"integrity": "sha1-hX/Kv8M5fSYluCKCYuhqp6ARsF0="
		},
		"mkdirp": {
			"version": "0.5.1",
			"resolved": "https://registry.npmjs.org/mkdirp/-/mkdirp-0.5.1.tgz",
			"integrity": "sha1-MAV0OOrGz3+MR2fzhkjWaX11yQM=",
			"requires": {
				"minimist": "0.0.8"
			}
		},
		"ms": {
			"version": "2.0.0",
			"resolved": "https://registry.npmjs.org/ms/-/ms-2.0.0.tgz",
			"integrity": "sha1-VgiurfwAvmwpAd9fmGF4jeDVl8g="
		},
		"node-fetch": {
			"version": "2.6.1",
			"resolved": "https://registry.npmjs.org/node-fetch/-/node-fetch-2.6.1.tgz",
			"integrity": "sha512-V4aYg89jEoVRxRb2fJdAg8FHvI7cEyYdVAh94HH0UIK8oJxUfkjlDQN9RbMx+bEjP7+ggMiFRprSti032Oipxw=="
		},
		"once": {
			"version": "1.4.0",
			"resolved": "https://registry.npmjs.org/once/-/once-1.4.0.tgz",
			"integrity": "sha1-WDsap3WWHUsROsF9nFC6753Xa9E=",
			"requires": {
				"wrappy": "1"
			}
		},
		"os-tmpdir": {
			"version": "1.0.2",
			"resolved": "https://registry.npmjs.org/os-tmpdir/-/os-tmpdir-1.0.2.tgz",
			"integrity": "sha1-u+Z0BseaqFxc/sdm/lc0VV36EnQ="
		},
		"path-is-absolute": {
			"version": "1.0.1",
			"resolved": "https://registry.npmjs.org/path-is-absolute/-/path-is-absolute-1.0.1.tgz",
			"integrity": "sha1-F0uSaHNVNP+8es5r9TpanhtcX18="
		},
		"path-parse": {
			"version": "1.0.6",
			"resolved": "https://registry.npmjs.org/path-parse/-/path-parse-1.0.6.tgz",
			"integrity": "sha512-GSmOT2EbHrINBf9SR7CDELwlJ8AENk3Qn7OikK4nFYAu3Ote2+JYNVvkpAEQm3/TLNEJFD/xZJjzyxg3KBWOzw==",
			"dev": true
		},
		"punycode": {
			"version": "1.3.2",
			"resolved": "https://registry.npmjs.org/punycode/-/punycode-1.3.2.tgz",
			"integrity": "sha1-llOgNvt8HuQjQvIyXM7v6jkmxI0="
		},
		"querystring": {
			"version": "0.2.0",
			"resolved": "https://registry.npmjs.org/querystring/-/querystring-0.2.0.tgz",
			"integrity": "sha1-sgmEkgO7Jd+CDadW50cAWHhSFiA="
		},
		"readable-stream": {
			"version": "3.6.0",
			"resolved": "https://registry.npmjs.org/readable-stream/-/readable-stream-3.6.0.tgz",
			"integrity": "sha512-BViHy7LKeTz4oNnkcLJ+lVSL6vpiFeX6/d3oSH8zCW7UxP2onchk+vTGB143xuFjHS3deTgkKoXXymXqymiIdA==",
			"requires": {
				"inherits": "^2.0.3",
				"string_decoder": "^1.1.1",
				"util-deprecate": "^1.0.1"
			}
		},
		"regenerator-runtime": {
			"version": "0.13.7",
			"resolved": "https://registry.npmjs.org/regenerator-runtime/-/regenerator-runtime-0.13.7.tgz",
			"integrity": "sha512-a54FxoJDIr27pgf7IgeQGxmqUNYrcV338lf/6gH456HZ/PhX+5BcwHXG9ajESmwe6WRO0tAzRUrRmNONWgkrew=="
		},
		"remix-url-resolver": {
			"version": "0.0.16",
			"resolved": "https://registry.npmjs.org/remix-url-resolver/-/remix-url-resolver-0.0.16.tgz",
			"integrity": "sha512-z7cL96bWMR8X5Gi5YeQ/J8nkWYGlyysEJIUSP85MQ1uFzbViFetuLurjSSF9XbHtGQ/5rUyZXKove+gOUAkzFQ==",
			"requires": {
				"axios": "^0.18.0",
				"solc": "^0.6.0",
				"url": "^0.11.0",
				"valid-url": "^1.0.9"
			},
			"dependencies": {
				"axios": {
					"version": "0.18.1",
					"resolved": "https://registry.npmjs.org/axios/-/axios-0.18.1.tgz",
					"integrity": "sha512-0BfJq4NSfQXd+SkFdrvFbG7addhYSBA2mQwISr46pD6E5iqkWg02RAs8vyTT/j0RTnoYmeXauBuSv1qKwR179g==",
					"requires": {
						"follow-redirects": "1.5.10",
						"is-buffer": "^2.0.2"
					}
				},
				"commander": {
					"version": "3.0.2",
					"resolved": "https://registry.npmjs.org/commander/-/commander-3.0.2.tgz",
					"integrity": "sha512-Gar0ASD4BDyKC4hl4DwHqDrmvjoxWKZigVnAbn5H1owvm4CxCPdb0HQDehwNYMJpla5+M2tPmPARzhtYuwpHow=="
				},
				"follow-redirects": {
					"version": "1.5.10",
					"resolved": "https://registry.npmjs.org/follow-redirects/-/follow-redirects-1.5.10.tgz",
					"integrity": "sha512-0V5l4Cizzvqt5D44aTXbFZz+FtyXV1vrDN6qrelxtfYQKW0KO0W2T/hkE8xvGa/540LkZlkaUjO4ailYTFtHVQ==",
					"requires": {
						"debug": "=3.1.0"
					}
				},
				"solc": {
					"version": "0.6.12",
					"resolved": "https://registry.npmjs.org/solc/-/solc-0.6.12.tgz",
					"integrity": "sha512-Lm0Ql2G9Qc7yPP2Ba+WNmzw2jwsrd3u4PobHYlSOxaut3TtUbj9+5ZrT6f4DUpNPEoBaFUOEg9Op9C0mk7ge9g==",
					"requires": {
						"command-exists": "^1.2.8",
						"commander": "3.0.2",
						"fs-extra": "^0.30.0",
						"js-sha3": "0.8.0",
						"memorystream": "^0.3.1",
						"require-from-string": "^2.0.0",
						"semver": "^5.5.0",
						"tmp": "0.0.33"
					}
				}
			}
		},
		"require-from-string": {
			"version": "2.0.2",
			"resolved": "https://registry.npmjs.org/require-from-string/-/require-from-string-2.0.2.tgz",
			"integrity": "sha512-Xf0nWe6RseziFMu+Ap9biiUbmplq6S9/p+7w7YXP/JBHhrUDDUhwa+vANyubuqfZWTveU//DYVGsDG7RKL/vEw=="
		},
		"resolve": {
			"version": "1.10.1",
			"resolved": "https://registry.npmjs.org/resolve/-/resolve-1.10.1.tgz",
			"integrity": "sha512-KuIe4mf++td/eFb6wkaPbMDnP6kObCaEtIDuHOUED6MNUo4K670KZUHuuvYPZDxNF0WVLw49n06M2m2dXphEzA==",
			"dev": true,
			"requires": {
				"path-parse": "^1.0.6"
			}
		},
		"rimraf": {
			"version": "2.6.2",
			"resolved": "https://registry.npmjs.org/rimraf/-/rimraf-2.6.2.tgz",
			"integrity": "sha512-lreewLK/BlghmxtfH36YYVg1i8IAce4TI7oao75I1g245+6BctqTVQiBP3YUJ9C6DQOXJmkYR9X9fCLtCOJc5w==",
			"requires": {
				"glob": "^7.0.5"
			}
		},
		"safe-buffer": {
			"version": "5.2.1",
			"resolved": "https://registry.npmjs.org/safe-buffer/-/safe-buffer-5.2.1.tgz",
			"integrity": "sha512-rp3So07KcdmmKbGvgaNxQSJr7bGVSVk5S9Eq1F+ppbRo70+YeaDxkw5Dd8NPN+GD6bjnYm2VuPuCXmpuYvmCXQ=="
		},
		"semver": {
			"version": "5.7.0",
			"resolved": "https://registry.npmjs.org/semver/-/semver-5.7.0.tgz",
			"integrity": "sha512-Ya52jSX2u7QKghxeoFGpLwCtGlt7j0oY9DYb5apt9nPlJ42ID+ulTXESnt/qAQcoSERyZ5sl3LDIOw0nAn/5DA=="
		},
		"solc": {
			"version": "0.7.6",
			"resolved": "https://registry.npmjs.org/solc/-/solc-0.7.6.tgz",
			"integrity": "sha512-WsR/W7CXwh2VnmZapB4JrsDeLlshoKBz5Pz/zYNulB6LBsOEHI2Zj/GeKLMFcvv57OHiXHvxq5ZOQB+EdqxlxQ==",
			"requires": {
				"command-exists": "^1.2.8",
				"commander": "3.0.2",
				"follow-redirects": "^1.12.1",
				"fs-extra": "^0.30.0",
				"js-sha3": "0.8.0",
				"memorystream": "^0.3.1",
				"require-from-string": "^2.0.0",
				"semver": "^5.5.0",
				"tmp": "0.0.33"
			},
			"dependencies": {
				"commander": {
					"version": "3.0.2",
					"resolved": "https://registry.npmjs.org/commander/-/commander-3.0.2.tgz",
					"integrity": "sha512-Gar0ASD4BDyKC4hl4DwHqDrmvjoxWKZigVnAbn5H1owvm4CxCPdb0HQDehwNYMJpla5+M2tPmPARzhtYuwpHow=="
				}
			}
		},
		"sprintf-js": {
			"version": "1.0.3",
			"resolved": "https://registry.npmjs.org/sprintf-js/-/sprintf-js-1.0.3.tgz",
			"integrity": "sha1-BOaSb2YolTVPPdAVIDYzuFcpfiw=",
			"dev": true
		},
		"string_decoder": {
			"version": "1.3.0",
			"resolved": "https://registry.npmjs.org/string_decoder/-/string_decoder-1.3.0.tgz",
			"integrity": "sha512-hkRX8U1WjJFd8LsDJ2yQ/wWWxaopEsABU1XfkM8A+j0+85JAGppt16cr1Whg6KIbb4okU6Mql6BOj+uup/wKeA==",
			"requires": {
				"safe-buffer": "~5.2.0"
			}
		},
		"supports-color": {
			"version": "5.5.0",
			"resolved": "https://registry.npmjs.org/supports-color/-/supports-color-5.5.0.tgz",
			"integrity": "sha512-QjVjwdXIt408MIiAqCX4oUKsgU2EqAGzs2Ppkm4aQYbjm+ZEWEcW4SfFNTr4uMNZma0ey4f5lgLrkB0aX0QMow==",
			"dev": true,
			"requires": {
				"has-flag": "^3.0.0"
			}
		},
		"tar-stream": {
			"version": "2.2.0",
			"resolved": "https://registry.npmjs.org/tar-stream/-/tar-stream-2.2.0.tgz",
			"integrity": "sha512-ujeqbceABgwMZxEJnk2HDY2DlnUZ+9oEcb1KzTVfYHio0UE6dG71n60d8D2I4qNvleWrrXpmjpt7vZeF1LnMZQ==",
			"requires": {
				"bl": "^4.0.3",
				"end-of-stream": "^1.4.1",
				"fs-constants": "^1.0.0",
				"inherits": "^2.0.3",
				"readable-stream": "^3.1.1"
			}
		},
		"tmp": {
			"version": "0.0.33",
			"resolved": "https://registry.npmjs.org/tmp/-/tmp-0.0.33.tgz",
			"integrity": "sha512-jRCJlojKnZ3addtTOjdIqoRuPEKBvNXcGYqzO6zWZX8KfKEpnGY5jfggJQ3EjKuu8D4bJRr0y+cYJFmYbImXGw==",
			"requires": {
				"os-tmpdir": "~1.0.2"
			}
		},
		"tslib": {
			"version": "1.9.3",
			"resolved": "https://registry.npmjs.org/tslib/-/tslib-1.9.3.tgz",
			"integrity": "sha512-4krF8scpejhaOgqzBEcGM7yDIEfi0/8+8zDRZhNZZ2kjmHJ4hv3zCbQWxoJGz1iw5U0Jl0nma13xzHXcncMavQ==",
			"dev": true
		},
		"tslint": {
			"version": "5.16.0",
			"resolved": "https://registry.npmjs.org/tslint/-/tslint-5.16.0.tgz",
			"integrity": "sha512-UxG2yNxJ5pgGwmMzPMYh/CCnCnh0HfPgtlVRDs1ykZklufFBL1ZoTlWFRz2NQjcoEiDoRp+JyT0lhBbbH/obyA==",
			"dev": true,
			"requires": {
				"@babel/code-frame": "^7.0.0",
				"builtin-modules": "^1.1.1",
				"chalk": "^2.3.0",
				"commander": "^2.12.1",
				"diff": "^3.2.0",
				"glob": "^7.1.1",
				"js-yaml": "^3.13.0",
				"minimatch": "^3.0.4",
				"mkdirp": "^0.5.1",
				"resolve": "^1.3.2",
				"semver": "^5.3.0",
				"tslib": "^1.8.0",
				"tsutils": "^2.29.0"
			}
		},
		"tslint-config-prettier": {
			"version": "1.18.0",
			"resolved": "https://registry.npmjs.org/tslint-config-prettier/-/tslint-config-prettier-1.18.0.tgz",
			"integrity": "sha512-xPw9PgNPLG3iKRxmK7DWr+Ea/SzrvfHtjFt5LBl61gk2UBG/DB9kCXRjv+xyIU1rUtnayLeMUVJBcMX8Z17nDg=="
		},
		"tsutils": {
			"version": "2.29.0",
			"resolved": "https://registry.npmjs.org/tsutils/-/tsutils-2.29.0.tgz",
			"integrity": "sha512-g5JVHCIJwzfISaXpXE1qvNalca5Jwob6FjI4AoPlqMusJ6ftFE7IkkFoMhVLRgK+4Kx3gkzb8UZK5t5yTTvEmA==",
			"dev": true,
			"requires": {
				"tslib": "^1.8.1"
			}
		},
		"typescript": {
			"version": "3.9.7",
			"resolved": "https://registry.npmjs.org/typescript/-/typescript-3.9.7.tgz",
			"integrity": "sha512-BLbiRkiBzAwsjut4x/dsibSTB6yWpwT5qWmC2OfuCg3GgVQCSgMs4vEctYPhsaGtd0AeuuHMkjZ2h2WG8MSzRw==",
			"dev": true
		},
		"url": {
			"version": "0.11.0",
			"resolved": "https://registry.npmjs.org/url/-/url-0.11.0.tgz",
			"integrity": "sha1-ODjpfPxgUh63PFJajlW/3Z4uKPE=",
			"requires": {
				"punycode": "1.3.2",
				"querystring": "0.2.0"
			}
		},
		"util-deprecate": {
			"version": "1.0.2",
			"resolved": "https://registry.npmjs.org/util-deprecate/-/util-deprecate-1.0.2.tgz",
			"integrity": "sha1-RQ1Nyfpw3nMnYvvS1KKJgUGaDM8="
		},
		"valid-url": {
			"version": "1.0.9",
			"resolved": "https://registry.npmjs.org/valid-url/-/valid-url-1.0.9.tgz",
			"integrity": "sha1-HBRHm0DxOXp1eC8RXkCGRHQzogA="
		},
		"wrappy": {
			"version": "1.0.2",
			"resolved": "https://registry.npmjs.org/wrappy/-/wrappy-1.0.2.tgz",
			"integrity": "sha1-tSQ9jz7BqjXxNkYFvA0QNuMKtp8="
		}
	}
}
